
Microsoft Visual Studio Solution File, Format Version 11.00
# Visual Studio 2010
Project("{8BC9CEB8-8B4A-11D0-8D11-00A0C91BC942}") = "MFC3.02(1)", "MFC3.02(1)\MFC3.02(1).vcxproj", "{CB7760C3-EED9-4B9C-88A6-29ACB9FB5EF7}"
EndProject
Global
	GlobalSection(SolutionConfigurationPlatforms) = preSolution
		Debug|Win32 = Debug|Win32
		Release|Win32 = Release|Win32
	EndGlobalSection
	GlobalSection(ProjectConfigurationPlatforms) = postSolution
		{CB7760C3-EED9-4B9C-88A6-29ACB9FB5EF7}.Debug|Win32.ActiveCfg = Debug|Win32
		{CB7760C3-EED9-4B9C-88A6-29ACB9FB5EF7}.Debug|Win32.Build.0 = Debug|Win32
		{CB7760C3-EED9-4B9C-88A6-29ACB9FB5EF7}.Release|Win32.ActiveCfg = Release|Win32
		{CB7760C3-EED9-4B9C-88A6-29ACB9FB5EF7}.Release|Win32.Build.0 = Release|Win32
	EndGlobalSection
	GlobalSection(SolutionProperties) = preSolution
		HideSolutionNode = FALSE
	EndGlobalSection
EndGlobal
