
Microsoft Visual Studio Solution File, Format Version 11.00
# Visual Studio 2010
Project("{8BC9CEB8-8B4A-11D0-8D11-00A0C91BC942}") = "MFC3.16", "MFC3.16\MFC3.16.vcxproj", "{0DE59824-663F-4A3C-B6A9-DB9F2CF23702}"
EndProject
Global
	GlobalSection(SolutionConfigurationPlatforms) = preSolution
		Debug|Win32 = Debug|Win32
		Release|Win32 = Release|Win32
	EndGlobalSection
	GlobalSection(ProjectConfigurationPlatforms) = postSolution
		{0DE59824-663F-4A3C-B6A9-DB9F2CF23702}.Debug|Win32.ActiveCfg = Debug|Win32
		{0DE59824-663F-4A3C-B6A9-DB9F2CF23702}.Debug|Win32.Build.0 = Debug|Win32
		{0DE59824-663F-4A3C-B6A9-DB9F2CF23702}.Release|Win32.ActiveCfg = Release|Win32
		{0DE59824-663F-4A3C-B6A9-DB9F2CF23702}.Release|Win32.Build.0 = Release|Win32
	EndGlobalSection
	GlobalSection(SolutionProperties) = preSolution
		HideSolutionNode = FALSE
	EndGlobalSection
EndGlobal
